// !$*UTF8*$!
{
	archiveVersion = 1;
	classes = {
	};
	objectVersion = 46;
	objects = {

/* Begin PBXBuildFile section */
		85A0094F0A1409EE98D63749 /* libPods-simple_map_demo.a in Frameworks */ = {isa = PBXBuildFile; fileRef = 507A19F241FF017CFF03107A /* libPods-simple_map_demo.a */; };
		BE5CEF0A1D2BFEC900BE0F7C /* AppDelegate.swift in Sources */ = {isa = PBXBuildFile; fileRef = BE5CEF091D2BFEC900BE0F7C /* AppDelegate.swift */; };
		BE5CEF111D2BFEC900BE0F7C /* Assets.xcassets in Resources */ = {isa = PBXBuildFile; fileRef = BE5CEF101D2BFEC900BE0F7C /* Assets.xcassets */; };
		BE5CEF141D2BFEC900BE0F7C /* LaunchScreen.storyboard in Resources */ = {isa = PBXBuildFile; fileRef = BE5CEF121D2BFEC900BE0F7C /* LaunchScreen.storyboard */; };
		BE5CEF1F1D2BFECA00BE0F7C /* simple_map_demoTests.swift in Sources */ = {isa = PBXBuildFile; fileRef = BE5CEF1E1D2BFECA00BE0F7C /* simple_map_demoTests.swift */; };
		BE5CEF2A1D2BFECA00BE0F7C /* simple_map_demoUITests.swift in Sources */ = {isa = PBXBuildFile; fileRef = BE5CEF291D2BFECA00BE0F7C /* simple_map_demoUITests.swift */; };
		BE5CEF3A1D2BFF4A00BE0F7C /* MapViewController.swift in Sources */ = {isa = PBXBuildFile; fileRef = BE5CEF391D2BFF4A00BE0F7C /* MapViewController.swift */; };
		BE5CEF3C1D2BFF6B00BE0F7C /* Extensions.swift in Sources */ = {isa = PBXBuildFile; fileRef = BE5CEF3B1D2BFF6B00BE0F7C /* Extensions.swift */; };
/* End PBXBuildFile section */

/* Begin PBXContainerItemProxy section */
		BE5CEF1B1D2BFECA00BE0F7C /* PBXContainerItemProxy */ = {
			isa = PBXContainerItemProxy;
			containerPortal = BE5CEEFE1D2BFEC900BE0F7C /* Project object */;
			proxyType = 1;
			remoteGlobalIDString = BE5CEF051D2BFEC900BE0F7C;
			remoteInfo = simple_map_demo;
		};
		BE5CEF261D2BFECA00BE0F7C /* PBXContainerItemProxy */ = {
			isa = PBXContainerItemProxy;
			containerPortal = BE5CEEFE1D2BFEC900BE0F7C /* Project object */;
			proxyType = 1;
			remoteGlobalIDString = BE5CEF051D2BFEC900BE0F7C;
			remoteInfo = simple_map_demo;
		};
/* End PBXContainerItemProxy section */

/* Begin PBXFileReference section */
		07FF7D490F882B9FEF29EEBF /* Pods-simple_map_demo.release.xcconfig */ = {isa = PBXFileReference; includeInIndex = 1; lastKnownFileType = text.xcconfig; name = "Pods-simple_map_demo.release.xcconfig"; path = "Pods/Target Support Files/Pods-simple_map_demo/Pods-simple_map_demo.release.xcconfig"; sourceTree = "<group>"; };
		4F604D13585969CAA86A8E92 /* Pods-simple_map_demo.debug.xcconfig */ = {isa = PBXFileReference; includeInIndex = 1; lastKnownFileType = text.xcconfig; name = "Pods-simple_map_demo.debug.xcconfig"; path = "Pods/Target Support Files/Pods-simple_map_demo/Pods-simple_map_demo.debug.xcconfig"; sourceTree = "<group>"; };
		507A19F241FF017CFF03107A /* libPods-simple_map_demo.a */ = {isa = PBXFileReference; explicitFileType = archive.ar; includeInIndex = 0; path = "libPods-simple_map_demo.a"; sourceTree = BUILT_PRODUCTS_DIR; };
		BE5CEF061D2BFEC900BE0F7C /* simple_map_demo.app */ = {isa = PBXFileReference; explicitFileType = wrapper.application; includeInIndex = 0; path = simple_map_demo.app; sourceTree = BUILT_PRODUCTS_DIR; };
		BE5CEF091D2BFEC900BE0F7C /* AppDelegate.swift */ = {isa = PBXFileReference; lastKnownFileType = sourcecode.swift; path = AppDelegate.swift; sourceTree = "<group>"; };
		BE5CEF101D2BFEC900BE0F7C /* Assets.xcassets */ = {isa = PBXFileReference; lastKnownFileType = folder.assetcatalog; path = Assets.xcassets; sourceTree = "<group>"; };
		BE5CEF131D2BFEC900BE0F7C /* Base */ = {isa = PBXFileReference; lastKnownFileType = file.storyboard; name = Base; path = Base.lproj/LaunchScreen.storyboard; sourceTree = "<group>"; };
		BE5CEF151D2BFEC900BE0F7C /* Info.plist */ = {isa = PBXFileReference; lastKnownFileType = text.plist.xml; path = Info.plist; sourceTree = "<group>"; };
		BE5CEF1A1D2BFECA00BE0F7C /* simple_map_demoTests.xctest */ = {isa = PBXFileReference; explicitFileType = wrapper.cfbundle; includeInIndex = 0; path = simple_map_demoTests.xctest; sourceTree = BUILT_PRODUCTS_DIR; };
		BE5CEF1E1D2BFECA00BE0F7C /* simple_map_demoTests.swift */ = {isa = PBXFileReference; lastKnownFileType = sourcecode.swift; path = simple_map_demoTests.swift; sourceTree = "<group>"; };
		BE5CEF201D2BFECA00BE0F7C /* Info.plist */ = {isa = PBXFileReference; lastKnownFileType = text.plist.xml; path = Info.plist; sourceTree = "<group>"; };
		BE5CEF251D2BFECA00BE0F7C /* simple_map_demoUITests.xctest */ = {isa = PBXFileReference; explicitFileType = wrapper.cfbundle; includeInIndex = 0; path = simple_map_demoUITests.xctest; sourceTree = BUILT_PRODUCTS_DIR; };
		BE5CEF291D2BFECA00BE0F7C /* simple_map_demoUITests.swift */ = {isa = PBXFileReference; lastKnownFileType = sourcecode.swift; path = simple_map_demoUITests.swift; sourceTree = "<group>"; };
		BE5CEF2B1D2BFECA00BE0F7C /* Info.plist */ = {isa = PBXFileReference; lastKnownFileType = text.plist.xml; path = Info.plist; sourceTree = "<group>"; };
		BE5CEF391D2BFF4A00BE0F7C /* MapViewController.swift */ = {isa = PBXFileReference; fileEncoding = 4; lastKnownFileType = sourcecode.swift; path = MapViewController.swift; sourceTree = "<group>"; };
		BE5CEF3B1D2BFF6B00BE0F7C /* Extensions.swift */ = {isa = PBXFileReference; fileEncoding = 4; lastKnownFileType = sourcecode.swift; path = Extensions.swift; sourceTree = "<group>"; };
/* End PBXFileReference section */

/* Begin PBXFrameworksBuildPhase section */
		BE5CEF031D2BFEC900BE0F7C /* Frameworks */ = {
			isa = PBXFrameworksBuildPhase;
			buildActionMask = 2147483647;
			files = (
				85A0094F0A1409EE98D63749 /* libPods-simple_map_demo.a in Frameworks */,
			);
			runOnlyForDeploymentPostprocessing = 0;
		};
		BE5CEF171D2BFECA00BE0F7C /* Frameworks */ = {
			isa = PBXFrameworksBuildPhase;
			buildActionMask = 2147483647;
			files = (
			);
			runOnlyForDeploymentPostprocessing = 0;
		};
		BE5CEF221D2BFECA00BE0F7C /* Frameworks */ = {
			isa = PBXFrameworksBuildPhase;
			buildActionMask = 2147483647;
			files = (
			);
			runOnlyForDeploymentPostprocessing = 0;
		};
/* End PBXFrameworksBuildPhase section */

/* Begin PBXGroup section */
		6C7C0BD0FCA8A564077639F4 /* Frameworks */ = {
			isa = PBXGroup;
			children = (
				507A19F241FF017CFF03107A /* libPods-simple_map_demo.a */,
			);
			name = Frameworks;
			sourceTree = "<group>";
		};
		9FBE14854C5D7EED1448A2EA /* Pods */ = {
			isa = PBXGroup;
			children = (
				4F604D13585969CAA86A8E92 /* Pods-simple_map_demo.debug.xcconfig */,
				07FF7D490F882B9FEF29EEBF /* Pods-simple_map_demo.release.xcconfig */,
			);
			name = Pods;
			sourceTree = "<group>";
		};
		BE5CEEFD1D2BFEC900BE0F7C = {
			isa = PBXGroup;
			children = (
				BE5CEF081D2BFEC900BE0F7C /* simple_map_demo */,
				BE5CEF1D1D2BFECA00BE0F7C /* simple_map_demoTests */,
				BE5CEF281D2BFECA00BE0F7C /* simple_map_demoUITests */,
				BE5CEF071D2BFEC900BE0F7C /* Products */,
				9FBE14854C5D7EED1448A2EA /* Pods */,
				6C7C0BD0FCA8A564077639F4 /* Frameworks */,
			);
			sourceTree = "<group>";
		};
		BE5CEF071D2BFEC900BE0F7C /* Products */ = {
			isa = PBXGroup;
			children = (
				BE5CEF061D2BFEC900BE0F7C /* simple_map_demo.app */,
				BE5CEF1A1D2BFECA00BE0F7C /* simple_map_demoTests.xctest */,
				BE5CEF251D2BFECA00BE0F7C /* simple_map_demoUITests.xctest */,
			);
			name = Products;
			sourceTree = "<group>";
		};
		BE5CEF081D2BFEC900BE0F7C /* simple_map_demo */ = {
			isa = PBXGroup;
			children = (
				BE5CEF091D2BFEC900BE0F7C /* AppDelegate.swift */,
				BE5CEF101D2BFEC900BE0F7C /* Assets.xcassets */,
				BE5CEF121D2BFEC900BE0F7C /* LaunchScreen.storyboard */,
				BE5CEF151D2BFEC900BE0F7C /* Info.plist */,
				BE5CEF391D2BFF4A00BE0F7C /* MapViewController.swift */,
				BE5CEF3B1D2BFF6B00BE0F7C /* Extensions.swift */,
			);
			path = simple_map_demo;
			sourceTree = "<group>";
		};
		BE5CEF1D1D2BFECA00BE0F7C /* simple_map_demoTests */ = {
			isa = PBXGroup;
			children = (
				BE5CEF1E1D2BFECA00BE0F7C /* simple_map_demoTests.swift */,
				BE5CEF201D2BFECA00BE0F7C /* Info.plist */,
			);
			path = simple_map_demoTests;
			sourceTree = "<group>";
		};
		BE5CEF281D2BFECA00BE0F7C /* simple_map_demoUITests */ = {
			isa = PBXGroup;
			children = (
				BE5CEF291D2BFECA00BE0F7C /* simple_map_demoUITests.swift */,
				BE5CEF2B1D2BFECA00BE0F7C /* Info.plist */,
			);
			path = simple_map_demoUITests;
			sourceTree = "<group>";
		};
/* End PBXGroup section */

/* Begin PBXNativeTarget section */
		BE5CEF051D2BFEC900BE0F7C /* simple_map_demo */ = {
			isa = PBXNativeTarget;
			buildConfigurationList = BE5CEF2E1D2BFECA00BE0F7C /* Build configuration list for PBXNativeTarget "simple_map_demo" */;
			buildPhases = (
				D820CF7B6A2941860077AF88 /* Check Pods Manifest.lock */,
				BE5CEF021D2BFEC900BE0F7C /* Sources */,
				BE5CEF031D2BFEC900BE0F7C /* Frameworks */,
				BE5CEF041D2BFEC900BE0F7C /* Resources */,
				F1171A38A21BAEA1AC7738C0 /* Embed Pods Frameworks */,
				42C4684E2A0C671BF37AB08C /* Copy Pods Resources */,
			);
			buildRules = (
			);
			dependencies = (
			);
			name = simple_map_demo;
			productName = simple_map_demo;
			productReference = BE5CEF061D2BFEC900BE0F7C /* simple_map_demo.app */;
			productType = "com.apple.product-type.application";
		};
		BE5CEF191D2BFECA00BE0F7C /* simple_map_demoTests */ = {
			isa = PBXNativeTarget;
			buildConfigurationList = BE5CEF311D2BFECA00BE0F7C /* Build configuration list for PBXNativeTarget "simple_map_demoTests" */;
			buildPhases = (
				BE5CEF161D2BFECA00BE0F7C /* Sources */,
				BE5CEF171D2BFECA00BE0F7C /* Frameworks */,
				BE5CEF181D2BFECA00BE0F7C /* Resources */,
			);
			buildRules = (
			);
			dependencies = (
				BE5CEF1C1D2BFECA00BE0F7C /* PBXTargetDependency */,
			);
			name = simple_map_demoTests;
			productName = simple_map_demoTests;
			productReference = BE5CEF1A1D2BFECA00BE0F7C /* simple_map_demoTests.xctest */;
			productType = "com.apple.product-type.bundle.unit-test";
		};
		BE5CEF241D2BFECA00BE0F7C /* simple_map_demoUITests */ = {
			isa = PBXNativeTarget;
			buildConfigurationList = BE5CEF341D2BFECA00BE0F7C /* Build configuration list for PBXNativeTarget "simple_map_demoUITests" */;
			buildPhases = (
				BE5CEF211D2BFECA00BE0F7C /* Sources */,
				BE5CEF221D2BFECA00BE0F7C /* Frameworks */,
				BE5CEF231D2BFECA00BE0F7C /* Resources */,
			);
			buildRules = (
			);
			dependencies = (
				BE5CEF271D2BFECA00BE0F7C /* PBXTargetDependency */,
			);
			name = simple_map_demoUITests;
			productName = simple_map_demoUITests;
			productReference = BE5CEF251D2BFECA00BE0F7C /* simple_map_demoUITests.xctest */;
			productType = "com.apple.product-type.bundle.ui-testing";
		};
/* End PBXNativeTarget section */

/* Begin PBXProject section */
		BE5CEEFE1D2BFEC900BE0F7C /* Project object */ = {
			isa = PBXProject;
			attributes = {
				LastSwiftUpdateCheck = 0730;
				LastUpgradeCheck = 0730;
				ORGANIZATIONNAME = "SR Studios";
				TargetAttributes = {
					BE5CEF051D2BFEC900BE0F7C = {
						CreatedOnToolsVersion = 7.3.1;
						DevelopmentTeam = ZTX3XXP4XP;
					};
					BE5CEF191D2BFECA00BE0F7C = {
						CreatedOnToolsVersion = 7.3.1;
						TestTargetID = BE5CEF051D2BFEC900BE0F7C;
					};
					BE5CEF241D2BFECA00BE0F7C = {
						CreatedOnToolsVersion = 7.3.1;
						TestTargetID = BE5CEF051D2BFEC900BE0F7C;
					};
				};
			};
			buildConfigurationList = BE5CEF011D2BFEC900BE0F7C /* Build configuration list for PBXProject "simple_map_demo" */;
			compatibilityVersion = "Xcode 3.2";
			developmentRegion = English;
			hasScannedForEncodings = 0;
			knownRegions = (
				en,
				Base,
			);
			mainGroup = BE5CEEFD1D2BFEC900BE0F7C;
			productRefGroup = BE5CEF071D2BFEC900BE0F7C /* Products */;
			projectDirPath = "";
			projectRoot = "";
			targets = (
				BE5CEF051D2BFEC900BE0F7C /* simple_map_demo */,
				BE5CEF191D2BFECA00BE0F7C /* simple_map_demoTests */,
				BE5CEF241D2BFECA00BE0F7C /* simple_map_demoUITests */,
			);
		};
/* End PBXProject section */

/* Begin PBXResourcesBuildPhase section */
		BE5CEF041D2BFEC900BE0F7C /* Resources */ = {
			isa = PBXResourcesBuildPhase;
			buildActionMask = 2147483647;
			files = (
				BE5CEF141D2BFEC900BE0F7C /* LaunchScreen.storyboard in Resources */,
				BE5CEF111D2BFEC900BE0F7C /* Assets.xcassets in Resources */,
			);
			runOnlyForDeploymentPostprocessing = 0;
		};
		BE5CEF181D2BFECA00BE0F7C /* Resources */ = {
			isa = PBXResourcesBuildPhase;
			buildActionMask = 2147483647;
			files = (
			);
			runOnlyForDeploymentPostprocessing = 0;
		};
		BE5CEF231D2BFECA00BE0F7C /* Resources */ = {
			isa = PBXResourcesBuildPhase;
			buildActionMask = 2147483647;
			files = (
			);
			runOnlyForDeploymentPostprocessing = 0;
		};
/* End PBXResourcesBuildPhase section */

/* Begin PBXShellScriptBuildPhase section */
		42C4684E2A0C671BF37AB08C /* Copy Pods Resources */ = {
			isa = PBXShellScriptBuildPhase;
			buildActionMask = 2147483647;
			files = (
			);
			inputPaths = (
			);
			name = "Copy Pods Resources";
			outputPaths = (
			);
			runOnlyForDeploymentPostprocessing = 0;
			shellPath = /bin/sh;
			shellScript = "\"${SRCROOT}/Pods/Target Support Files/Pods-simple_map_demo/Pods-simple_map_demo-resources.sh\"\n";
			showEnvVarsInLog = 0;
		};
		D820CF7B6A2941860077AF88 /* Check Pods Manifest.lock */ = {
			isa = PBXShellScriptBuildPhase;
			buildActionMask = 2147483647;
			files = (
			);
			inputPaths = (
			);
			name = "Check Pods Manifest.lock";
			outputPaths = (
			);
			runOnlyForDeploymentPostprocessing = 0;
			shellPath = /bin/sh;
			shellScript = "diff \"${PODS_ROOT}/../Podfile.lock\" \"${PODS_ROOT}/Manifest.lock\" > /dev/null\nif [[ $? != 0 ]] ; then\n    cat << EOM\nerror: The sandbox is not in sync with the Podfile.lock. Run 'pod install' or update your CocoaPods installation.\nEOM\n    exit 1\nfi\n";
			showEnvVarsInLog = 0;
		};
		F1171A38A21BAEA1AC7738C0 /* Embed Pods Frameworks */ = {
			isa = PBXShellScriptBuildPhase;
			buildActionMask = 2147483647;
			files = (
			);
			inputPaths = (
			);
			name = "Embed Pods Frameworks";
			outputPaths = (
			);
			runOnlyForDeploymentPostprocessing = 0;
			shellPath = /bin/sh;
			shellScript = "\"${SRCROOT}/Pods/Target Support Files/Pods-simple_map_demo/Pods-simple_map_demo-frameworks.sh\"\n";
			showEnvVarsInLog = 0;
		};
/* End PBXShellScriptBuildPhase section */

/* Begin PBXSourcesBuildPhase section */
		BE5CEF021D2BFEC900BE0F7C /* Sources */ = {
			isa = PBXSourcesBuildPhase;
			buildActionMask = 2147483647;
			files = (
				BE5CEF0A1D2BFEC900BE0F7C /* AppDelegate.swift in Sources */,
				BE5CEF3C1D2BFF6B00BE0F7C /* Extensions.swift in Sources */,
				BE5CEF3A1D2BFF4A00BE0F7C /* MapViewController.swift in Sources */,
			);
			runOnlyForDeploymentPostprocessing = 0;
		};
		BE5CEF161D2BFECA00BE0F7C /* Sources */ = {
			isa = PBXSourcesBuildPhase;
			buildActionMask = 2147483647;
			files = (
				BE5CEF1F1D2BFECA00BE0F7C /* simple_map_demoTests.swift in Sources */,
			);
			runOnlyForDeploymentPostprocessing = 0;
		};
		BE5CEF211D2BFECA00BE0F7C /* Sources */ = {
			isa = PBXSourcesBuildPhase;
			buildActionMask = 2147483647;
			files = (
				BE5CEF2A1D2BFECA00BE0F7C /* simple_map_demoUITests.swift in Sources */,
			);
			runOnlyForDeploymentPostprocessing = 0;
		};
/* End PBXSourcesBuildPhase section */

/* Begin PBXTargetDependency section */
		BE5CEF1C1D2BFECA00BE0F7C /* PBXTargetDependency */ = {
			isa = PBXTargetDependency;
			target = BE5CEF051D2BFEC900BE0F7C /* simple_map_demo */;
			targetProxy = BE5CEF1B1D2BFECA00BE0F7C /* PBXContainerItemProxy */;
		};
		BE5CEF271D2BFECA00BE0F7C /* PBXTargetDependency */ = {
			isa = PBXTargetDependency;
			target = BE5CEF051D2BFEC900BE0F7C /* simple_map_demo */;
			targetProxy = BE5CEF261D2BFECA00BE0F7C /* PBXContainerItemProxy */;
		};
/* End PBXTargetDependency section */

/* Begin PBXVariantGroup section */
		BE5CEF121D2BFEC900BE0F7C /* LaunchScreen.storyboard */ = {
			isa = PBXVariantGroup;
			children = (
				BE5CEF131D2BFEC900BE0F7C /* Base */,
			);
			name = LaunchScreen.storyboard;
			sourceTree = "<group>";
		};
/* End PBXVariantGroup section */

/* Begin XCBuildConfiguration section */
		BE5CEF2C1D2BFECA00BE0F7C /* Debug */ = {
			isa = XCBuildConfiguration;
			buildSettings = {
				ALWAYS_SEARCH_USER_PATHS = NO;
				CLANG_ANALYZER_NONNULL = YES;
				CLANG_CXX_LANGUAGE_STANDARD = "gnu++0x";
				CLANG_CXX_LIBRARY = "libc++";
				CLANG_ENABLE_MODULES = YES;
				CLANG_ENABLE_OBJC_ARC = YES;
				CLANG_WARN_BOOL_CONVERSION = YES;
				CLANG_WARN_CONSTANT_CONVERSION = YES;
				CLANG_WARN_DIRECT_OBJC_ISA_USAGE = YES_ERROR;
				CLANG_WARN_EMPTY_BODY = YES;
				CLANG_WARN_ENUM_CONVERSION = YES;
				CLANG_WARN_INT_CONVERSION = YES;
				CLANG_WARN_OBJC_ROOT_CLASS = YES_ERROR;
				CLANG_WARN_UNREACHABLE_CODE = YES;
				CLANG_WARN__DUPLICATE_METHOD_MATCH = YES;
				"CODE_SIGN_IDENTITY[sdk=iphoneos*]" = "iPhone Developer";
				COPY_PHASE_STRIP = NO;
				DEBUG_INFORMATION_FORMAT = dwarf;
				ENABLE_STRICT_OBJC_MSGSEND = YES;
				ENABLE_TESTABILITY = YES;
				GCC_C_LANGUAGE_STANDARD = gnu99;
				GCC_DYNAMIC_NO_PIC = NO;
				GCC_NO_COMMON_BLOCKS = YES;
				GCC_OPTIMIZATION_LEVEL = 0;
				GCC_PREPROCESSOR_DEFINITIONS = (
					"DEBUG=1",
					"$(inherited)",
				);
				GCC_WARN_64_TO_32_BIT_CONVERSION = YES;
				GCC_WARN_ABOUT_RETURN_TYPE = YES_ERROR;
				GCC_WARN_UNDECLARED_SELECTOR = YES;
				GCC_WARN_UNINITIALIZED_AUTOS = YES_AGGRESSIVE;
				GCC_WARN_UNUSED_FUNCTION = YES;
				GCC_WARN_UNUSED_VARIABLE = YES;
				IPHONEOS_DEPLOYMENT_TARGET = 9.3;
				MTL_ENABLE_DEBUG_INFO = YES;
				ONLY_ACTIVE_ARCH = YES;
				SDKROOT = iphoneos;
				SWIFT_OPTIMIZATION_LEVEL = "-Onone";
			};
			name = Debug;
		};
		BE5CEF2D1D2BFECA00BE0F7C /* Release */ = {
			isa = XCBuildConfiguration;
			buildSettings = {
				ALWAYS_SEARCH_USER_PATHS = NO;
				CLANG_ANALYZER_NONNULL = YES;
				CLANG_CXX_LANGUAGE_STANDARD = "gnu++0x";
				CLANG_CXX_LIBRARY = "libc++";
				CLANG_ENABLE_MODULES = YES;
				CLANG_ENABLE_OBJC_ARC = YES;
				CLANG_WARN_BOOL_CONVERSION = YES;
				CLANG_WARN_CONSTANT_CONVERSION = YES;
				CLANG_WARN_DIRECT_OBJC_ISA_USAGE = YES_ERROR;
				CLANG_WARN_EMPTY_BODY = YES;
				CLANG_WARN_ENUM_CONVERSION = YES;
				CLANG_WARN_INT_CONVERSION = YES;
				CLANG_WARN_OBJC_ROOT_CLASS = YES_ERROR;
				CLANG_WARN_UNREACHABLE_CODE = YES;
				CLANG_WARN__DUPLICATE_METHOD_MATCH = YES;
				"CODE_SIGN_IDENTITY[sdk=iphoneos*]" = "iPhone Developer";
				COPY_PHASE_STRIP = NO;
				DEBUG_INFORMATION_FORMAT = "dwarf-with-dsym";
				ENABLE_NS_ASSERTIONS = NO;
				ENABLE_STRICT_OBJC_MSGSEND = YES;
				GCC_C_LANGUAGE_STANDARD = gnu99;
				GCC_NO_COMMON_BLOCKS = YES;
				GCC_WARN_64_TO_32_BIT_CONVERSION = YES;
				GCC_WARN_ABOUT_RETURN_TYPE = YES_ERROR;
				GCC_WARN_UNDECLARED_SELECTOR = YES;
				GCC_WARN_UNINITIALIZED_AUTOS = YES_AGGRESSIVE;
				GCC_WARN_UNUSED_FUNCTION = YES;
				GCC_WARN_UNUSED_VARIABLE = YES;
				IPHONEOS_DEPLOYMENT_TARGET = 9.3;
				MTL_ENABLE_DEBUG_INFO = NO;
				SDKROOT = iphoneos;
				VALIDATE_PRODUCT = YES;
			};
			name = Release;
		};
		BE5CEF2F1D2BFECA00BE0F7C /* Debug */ = {
			isa = XCBuildConfiguration;
			baseConfigurationReference = 4F604D13585969CAA86A8E92 /* Pods-simple_map_demo.debug.xcconfig */;
			buildSettings = {
				ASSETCATALOG_COMPILER_APPICON_NAME = AppIcon;
				CODE_SIGN_IDENTITY = "iPhone Developer";
				"CODE_SIGN_IDENTITY[sdk=iphoneos*]" = "iPhone Developer";
				INFOPLIST_FILE = simple_map_demo/Info.plist;
				LD_RUNPATH_SEARCH_PATHS = "$(inherited) @executable_path/Frameworks";
				PRODUCT_BUNDLE_IDENTIFIER = "sr.studios.simple-map-demo";
				PRODUCT_NAME = "$(TARGET_NAME)";
				PROVISIONING_PROFILE = "";
			};
			name = Debug;
		};
		BE5CEF301D2BFECA00BE0F7C /* Release */ = {
			isa = XCBuildConfiguration;
			baseConfigurationReference = 07FF7D490F882B9FEF29EEBF /* Pods-simple_map_demo.release.xcconfig */;
			buildSettings = {
				ASSETCATALOG_COMPILER_APPICON_NAME = AppIcon;
				CODE_SIGN_IDENTITY = "iPhone Developer";
				"CODE_SIGN_IDENTITY[sdk=iphoneos*]" = "iPhone Developer";
				INFOPLIST_FILE = simple_map_demo/Info.plist;
				LD_RUNPATH_SEARCH_PATHS = "$(inherited) @executable_path/Frameworks";
				PRODUCT_BUNDLE_IDENTIFIER = "sr.studios.simple-map-demo";
				PRODUCT_NAME = "$(TARGET_NAME)";
				PROVISIONING_PROFILE = "";
			};
			name = Release;
		};
		BE5CEF321D2BFECA00BE0F7C /* Debug */ = {
			isa = XCBuildConfiguration;
			buildSettings = {
				BUNDLE_LOADER = "$(TEST_HOST)";
				INFOPLIST_FILE = simple_map_demoTests/Info.plist;
				LD_RUNPATH_SEARCH_PATHS = "$(inherited) @executable_path/Frameworks @loader_path/Frameworks";
				PRODUCT_BUNDLE_IDENTIFIER = "sr.studios.simple-map-demoTests";
				PRODUCT_NAME = "$(TARGET_NAME)";
				TEST_HOST = "$(BUILT_PRODUCTS_DIR)/simple_map_demo.app/simple_map_demo";
			};
			name = Debug;
		};
		BE5CEF331D2BFECA00BE0F7C /* Release */ = {
			isa = XCBuildConfiguration;
			buildSettings = {
				BUNDLE_LOADER = "$(TEST_HOST)";
				INFOPLIST_FILE = simple_map_demoTests/Info.plist;
				LD_RUNPATH_SEARCH_PATHS = "$(inherited) @executable_path/Frameworks @loader_path/Frameworks";
				PRODUCT_BUNDLE_IDENTIFIER = "sr.studios.simple-map-demoTests";
				PRODUCT_NAME = "$(TARGET_NAME)";
				TEST_HOST = "$(BUILT_PRODUCTS_DIR)/simple_map_demo.app/simple_map_demo";
			};
			name = Release;
		};
		BE5CEF351D2BFECA00BE0F7C /* Debug */ = {
			isa = XCBuildConfiguration;
			buildSettings = {
				INFOPLIST_FILE = simple_map_demoUITests/Info.plist;
				LD_RUNPATH_SEARCH_PATHS = "$(inherited) @executable_path/Frameworks @loader_path/Frameworks";
				PRODUCT_BUNDLE_IDENTIFIER = "sr.studios.simple-map-demoUITests";
				PRODUCT_NAME = "$(TARGET_NAME)";
				TEST_TARGET_NAME = simple_map_demo;
			};
			name = Debug;
		};
		BE5CEF361D2BFECA00BE0F7C /* Release */ = {
			isa = XCBuildConfiguration;
			buildSettings = {
				INFOPLIST_FILE = simple_map_demoUITests/Info.plist;
				LD_RUNPATH_SEARCH_PATHS = "$(inherited) @executable_path/Frameworks @loader_path/Frameworks";
				PRODUCT_BUNDLE_IDENTIFIER = "sr.studios.simple-map-demoUITests";
				PRODUCT_NAME = "$(TARGET_NAME)";
				TEST_TARGET_NAME = simple_map_demo;
			};
			name = Release;
		};
/* End XCBuildConfiguration section */

/* Begin XCConfigurationList section */
		BE5CEF011D2BFEC900BE0F7C /* Build configuration list for PBXProject "simple_map_demo" */ = {
			isa = XCConfigurationList;
			buildConfigurations = (
				BE5CEF2C1D2BFECA00BE0F7C /* Debug */,
				BE5CEF2D1D2BFECA00BE0F7C /* Release */,
			);
			defaultConfigurationIsVisible = 0;
			defaultConfigurationName = Release;
		};
		BE5CEF2E1D2BFECA00BE0F7C /* Build configuration list for PBXNativeTarget "simple_map_demo" */ = {
			isa = XCConfigurationList;
			buildConfigurations = (
				BE5CEF2F1D2BFECA00BE0F7C /* Debug */,
				BE5CEF301D2BFECA00BE0F7C /* Release */,
			);
			defaultConfigurationIsVisible = 0;
			defaultConfigurationName = Release;
		};
		BE5CEF311D2BFECA00BE0F7C /* Build configuration list for PBXNativeTarget "simple_map_demoTests" */ = {
			isa = XCConfigurationList;
			buildConfigurations = (
				BE5CEF321D2BFECA00BE0F7C /* Debug */,
				BE5CEF331D2BFECA00BE0F7C /* Release */,
			);
			defaultConfigurationIsVisible = 0;
			defaultConfigurationName = Release;
		};
		BE5CEF341D2BFECA00BE0F7C /* Build configuration list for PBXNativeTarget "simple_map_demoUITests" */ = {
			isa = XCConfigurationList;
			buildConfigurations = (
				BE5CEF351D2BFECA00BE0F7C /* Debug */,
				BE5CEF361D2BFECA00BE0F7C /* Release */,
			);
			defaultConfigurationIsVisible = 0;
			defaultConfigurationName = Release;
		};
/* End XCConfigurationList section */
	};
	rootObject = BE5CEEFE1D2BFEC900BE0F7C /* Project object */;
}
